
Microsoft Visual Studio Solution File, Format Version 12.00
# Visual Studio Version 17
VisualStudioVersion = 17.5.001.0
MinimumVisualStudioVersion = 10.0.40219.1
Project("{9A19103F-16F7-4668-BE54-9A1E7A4F7556}") = "RazorSvelte", "RazorSvelte.csproj", "{ED73620B-2B51-4E01-921F-D3999A060516}"
EndProject
Global
	GlobalSection(SolutionConfigurationPlatforms) = preSolution
		Debug|Any CPU = Debug|Any CPU
		Release|Any CPU = Release|Any CPU
	EndGlobalSection
	GlobalSection(ProjectConfigurationPlatforms) = postSolution
		{ED73620B-2B51-4E01-921F-D3999A060516}.Debug|Any CPU.ActiveCfg = Debug|Any CPU
		{ED73620B-2B51-4E01-921F-D3999A060516}.Debug|Any CPU.Build.0 = Debug|Any CPU
		{ED73620B-2B51-4E01-921F-D3999A060516}.Release|Any CPU.ActiveCfg = Release|Any CPU
		{ED73620B-2B51-4E01-921F-D3999A060516}.Release|Any CPU.Build.0 = Release|Any CPU
	EndGlobalSection
	GlobalSection(SolutionProperties) = preSolution
		HideSolutionNode = FALSE
	EndGlobalSection
	GlobalSection(ExtensibilityGlobals) = postSolution
		SolutionGuid = {233DAC27-9B42-43B2-8B88-D90AA99238A3}
	EndGlobalSection
EndGlobal
